{
  "version": 4,
  "terraform_version": "1.13.5",
  "serial": 2,
  "lineage": "3d0698f6-49a3-3e72-925c-d7de19e4cc0d",
  "outputs": {
    "external_ip": {
      "value": "35.222.27.92",
      "type": "string"
    }
  },
  "resources": [
    {
      "mode": "data",
      "type": "google_compute_network",
      "name": "vpc",
      "provider": "provider[\"registry.terraform.io/hashicorp/google\"]",
      "instances": [
        {
          "schema_version": 0,
          "attributes": {
            "description": "",
            "gateway_ipv4": "",
            "id": "projects/mythical-bazaar-470812-n3/global/networks/custom-vpc",
            "internal_ipv6_range": "",
            "name": "custom-vpc",
            "network_id": 3875792067380752740,
            "network_profile": "",
            "numeric_id": "3875792067380752740",
            "project": null,
            "self_link": "https://www.googleapis.com/compute/v1/projects/mythical-bazaar-470812-n3/global/networks/custom-vpc",
            "subnetworks_self_links": [
              "https://www.googleapis.com/compute/v1/projects/mythical-bazaar-470812-n3/regions/us-central1/subnetworks/custom-subnet"
            ]
          },
          "sensitive_attributes": [],
          "identity_schema_version": 0
        }
      ]
    },
    {
      "mode": "data",
      "type": "google_compute_subnetwork",
      "name": "subnet",
      "provider": "provider[\"registry.terraform.io/hashicorp/google\"]",
      "instances": [
        {
          "schema_version": 0,
          "attributes": {
            "description": "",
            "external_ipv6_prefix": "",
            "gateway_address": "10.10.0.1",
            "id": "projects/mythical-bazaar-470812-n3/regions/us-central1/subnetworks/custom-subnet",
            "internal_ipv6_prefix": "",
            "ip_cidr_range": "10.10.0.0/28",
            "ipv6_access_type": "",
            "name": "custom-subnet",
            "network": "https://www.googleapis.com/compute/v1/projects/mythical-bazaar-470812-n3/global/networks/custom-vpc",
            "private_ip_google_access": false,
            "project": "mythical-bazaar-470812-n3",
            "region": "us-central1",
            "secondary_ip_range": [],
            "self_link": "https://www.googleapis.com/compute/v1/projects/mythical-bazaar-470812-n3/regions/us-central1/subnetworks/custom-subnet",
            "stack_type": "IPV4_ONLY",
            "subnetwork_id": 3106070903587451251
          },
          "sensitive_attributes": [],
          "identity_schema_version": 0
        }
      ]
    },
    {
      "mode": "managed",
      "type": "google_compute_instance",
      "name": "vm",
      "provider": "provider[\"registry.terraform.io/hashicorp/google\"]",
      "instances": [
        {
          "schema_version": 6,
          "attributes": {
            "advanced_machine_features": [],
            "allow_stopping_for_update": null,
            "attached_disk": [],
            "boot_disk": [
              {
                "auto_delete": true,
                "device_name": "persistent-disk-0",
                "disk_encryption_key_raw": "",
                "disk_encryption_key_rsa": "",
                "disk_encryption_key_sha256": "",
                "disk_encryption_service_account": "",
                "force_attach": false,
                "guest_os_features": [
                  "UEFI_COMPATIBLE",
                  "VIRTIO_SCSI_MULTIQUEUE",
                  "GVNIC"
                ],
                "initialize_params": [
                  {
                    "architecture": "X86_64",
                    "enable_confidential_compute": false,
                    "image": "https://www.googleapis.com/compute/v1/projects/debian-cloud/global/images/debian-11-bullseye-v20251111",
                    "labels": {},
                    "provisioned_iops": 0,
                    "provisioned_throughput": 0,
                    "resource_manager_tags": null,
                    "resource_policies": [],
                    "size": 10,
                    "snapshot": "",
                    "source_image_encryption_key": [],
                    "source_snapshot_encryption_key": [],
                    "storage_pool": "",
                    "type": "pd-standard"
                  }
                ],
                "interface": "",
                "kms_key_self_link": "",
                "mode": "READ_WRITE",
                "source": "https://www.googleapis.com/compute/v1/projects/mythical-bazaar-470812-n3/zones/us-central1-a/disks/custom-vm"
              }
            ],
            "can_ip_forward": false,
            "confidential_instance_config": [],
            "cpu_platform": "Intel Broadwell",
            "creation_timestamp": "2025-11-30T01:42:58.935-08:00",
            "current_status": "RUNNING",
            "deletion_protection": false,
            "description": "",
            "desired_status": null,
            "effective_labels": {
              "goog-terraform-provisioned": "true"
            },
            "enable_display": false,
            "guest_accelerator": [],
            "hostname": "",
            "id": "projects/mythical-bazaar-470812-n3/zones/us-central1-a/instances/custom-vm",
            "instance_encryption_key": [],
            "instance_id": "5704514293622484813",
            "key_revocation_action_type": "",
            "label_fingerprint": "vezUS-42LLM=",
            "labels": null,
            "machine_type": "e2-micro",
            "metadata": null,
            "metadata_fingerprint": "qvShWhxrygA=",
            "metadata_startup_script": null,
            "min_cpu_platform": "",
            "name": "custom-vm",
            "network_interface": [
              {
                "access_config": [
                  {
                    "nat_ip": "35.222.27.92",
                    "network_tier": "PREMIUM",
                    "public_ptr_domain_name": ""
                  }
                ],
                "alias_ip_range": [],
                "internal_ipv6_prefix_length": 0,
                "ipv6_access_config": [],
                "ipv6_access_type": "",
                "ipv6_address": "",
                "name": "nic0",
                "network": "https://www.googleapis.com/compute/v1/projects/mythical-bazaar-470812-n3/global/networks/custom-vpc",
                "network_attachment": "",
                "network_ip": "10.10.0.2",
                "nic_type": "",
                "queue_count": 0,
                "stack_type": "IPV4_ONLY",
                "subnetwork": "https://www.googleapis.com/compute/v1/projects/mythical-bazaar-470812-n3/regions/us-central1/subnetworks/custom-subnet",
                "subnetwork_project": "mythical-bazaar-470812-n3"
              }
            ],
            "network_performance_config": [],
            "params": [],
            "project": "mythical-bazaar-470812-n3",
            "reservation_affinity": [],
            "resource_policies": null,
            "scheduling": [
              {
                "automatic_restart": true,
                "availability_domain": 0,
                "instance_termination_action": "",
                "local_ssd_recovery_timeout": [],
                "max_run_duration": [],
                "min_node_cpus": 0,
                "node_affinities": [],
                "on_host_maintenance": "MIGRATE",
                "on_instance_stop_action": [],
                "preemptible": false,
                "provisioning_model": "STANDARD",
                "termination_time": ""
              }
            ],
            "scratch_disk": [],
            "self_link": "https://www.googleapis.com/compute/v1/projects/mythical-bazaar-470812-n3/zones/us-central1-a/instances/custom-vm",
            "service_account": [],
            "shielded_instance_config": [
              {
                "enable_integrity_monitoring": true,
                "enable_secure_boot": false,
                "enable_vtpm": true
              }
            ],
            "tags": null,
            "tags_fingerprint": "42WmSpB8rSM=",
            "terraform_labels": {
              "goog-terraform-provisioned": "true"
            },
            "timeouts": null,
            "zone": "us-central1-a"
          },
          "sensitive_attributes": [
            [
              {
                "type": "get_attr",
                "value": "boot_disk"
              },
              {
                "type": "index",
                "value": {
                  "value": 0,
                  "type": "number"
                }
              },
              {
                "type": "get_attr",
                "value": "disk_encryption_key_raw"
              }
            ],
            [
              {
                "type": "get_attr",
                "value": "boot_disk"
              },
              {
                "type": "index",
                "value": {
                  "value": 0,
                  "type": "number"
                }
              },
              {
                "type": "get_attr",
                "value": "disk_encryption_key_rsa"
              }
            ]
          ],
          "identity_schema_version": 0,
          "private": "eyJlMmJmYjczMC1lY2FhLTExZTYtOGY4OC0zNDM2M2JjN2M0YzAiOnsiY3JlYXRlIjoxMjAwMDAwMDAwMDAwLCJkZWxldGUiOjEyMDAwMDAwMDAwMDAsInVwZGF0ZSI6MTIwMDAwMDAwMDAwMH0sInNjaGVtYV92ZXJzaW9uIjoiNiJ9",
          "dependencies": [
            "data.google_compute_network.vpc",
            "data.google_compute_subnetwork.subnet"
          ]
        }
      ]
    }
  ],
  "check_results": null
}
